
Microsoft Visual Studio Solution File, Format Version 12.00
# Visual Studio Version 17
VisualStudioVersion = 17.14.36221.1 d17.14
MinimumVisualStudioVersion = 10.0.40219.1
Project("{FAE04EC0-301F-11D3-BF4B-00C04F79EFBC}") = "ApiOptimizerService", "ApiOptimizerService.csproj", "{47B7A27A-135E-4B0C-B07A-55CC4AE46474}"
EndProject
Global
	GlobalSection(SolutionConfigurationPlatforms) = preSolution
		Debug|Any CPU = Debug|Any CPU
		Release|Any CPU = Release|Any CPU
	EndGlobalSection
	GlobalSection(ProjectConfigurationPlatforms) = postSolution
		{47B7A27A-135E-4B0C-B07A-55CC4AE46474}.Debug|Any CPU.ActiveCfg = Debug|Any CPU
		{47B7A27A-135E-4B0C-B07A-55CC4AE46474}.Debug|Any CPU.Build.0 = Debug|Any CPU
		{47B7A27A-135E-4B0C-B07A-55CC4AE46474}.Release|Any CPU.ActiveCfg = Release|Any CPU
		{47B7A27A-135E-4B0C-B07A-55CC4AE46474}.Release|Any CPU.Build.0 = Release|Any CPU
	EndGlobalSection
	GlobalSection(SolutionProperties) = preSolution
		HideSolutionNode = FALSE
	EndGlobalSection
	GlobalSection(ExtensibilityGlobals) = postSolution
		SolutionGuid = {5ECBBEC3-1FF0-4E42-A443-3CC5DF2B271A}
	EndGlobalSection
EndGlobal
